{
  "name": "WEB-Templates",
  "lockfileVersion": 2,
  "requires": true,
  "packages": {
    "": {
      "devDependencies": {
        "branch-naming-check": "^1.0.2",
        "husky": "^7.0.4"
      }
    },
    "node_modules/branch-naming-check": {
      "version": "1.0.2",
      "resolved": "https://registry.npmjs.org/branch-naming-check/-/branch-naming-check-1.0.2.tgz",
      "integrity": "sha512-0Zz/CmKIAZrXicXSfrnAI7d17HwMz8je/gnRIC2KnwhEfYtpga7MWi22m1tblfeAECd92/SSR0ASS6rqH/fCgA==",
      "dev": true,
      "bin": {
        "branch-naming-check": "index.js"
      }
    },
    "node_modules/husky": {
      "version": "7.0.4",
      "resolved": "https://registry.npmjs.org/husky/-/husky-7.0.4.tgz",
      "integrity": "sha512-vbaCKN2QLtP/vD4yvs6iz6hBEo6wkSzs8HpRah1Z6aGmF2KW5PdYuAd7uX5a+OyBZHBhd+TFLqgjUgytQr4RvQ==",
      "dev": true,
      "bin": {
        "husky": "lib/bin.js"
      },
      "engines": {
        "node": ">=12"
      },
      "funding": {
        "url": "https://github.com/sponsors/typicode"
      }
    }
  },
  "dependencies": {
    "branch-naming-check": {
      "version": "1.0.2",
      "resolved": "https://registry.npmjs.org/branch-naming-check/-/branch-naming-check-1.0.2.tgz",
      "integrity": "sha512-0Zz/CmKIAZrXicXSfrnAI7d17HwMz8je/gnRIC2KnwhEfYtpga7MWi22m1tblfeAECd92/SSR0ASS6rqH/fCgA==",
      "dev": true
    },
    "husky": {
      "version": "7.0.4",
      "resolved": "https://registry.npmjs.org/husky/-/husky-7.0.4.tgz",
      "integrity": "sha512-vbaCKN2QLtP/vD4yvs6iz6hBEo6wkSzs8HpRah1Z6aGmF2KW5PdYuAd7uX5a+OyBZHBhd+TFLqgjUgytQr4RvQ==",
      "dev": true
    }
  }
}
